
Microsoft Visual Studio Solution File, Format Version 12.00
# Visual Studio 15
VisualStudioVersion = 15.0.28307.705
MinimumVisualStudioVersion = 10.0.40219.1
Project("{FAE04EC0-301F-11D3-BF4B-00C04F79EFBC}") = "LearnXPO", "LearnXPO\LearnXPO.csproj", "{EAC6D6E8-C9E0-4742-807C-FA38E6300863}"
EndProject
Global
	GlobalSection(SolutionConfigurationPlatforms) = preSolution
		Debug|Any CPU = Debug|Any CPU
		Release|Any CPU = Release|Any CPU
	EndGlobalSection
	GlobalSection(ProjectConfigurationPlatforms) = postSolution
		{EAC6D6E8-C9E0-4742-807C-FA38E6300863}.Debug|Any CPU.ActiveCfg = Debug|Any CPU
		{EAC6D6E8-C9E0-4742-807C-FA38E6300863}.Debug|Any CPU.Build.0 = Debug|Any CPU
		{EAC6D6E8-C9E0-4742-807C-FA38E6300863}.Release|Any CPU.ActiveCfg = Release|Any CPU
		{EAC6D6E8-C9E0-4742-807C-FA38E6300863}.Release|Any CPU.Build.0 = Release|Any CPU
	EndGlobalSection
	GlobalSection(SolutionProperties) = preSolution
		HideSolutionNode = FALSE
	EndGlobalSection
	GlobalSection(ExtensibilityGlobals) = postSolution
		SolutionGuid = {75C1CBB7-EEB4-4318-B27F-EE2BE5535D78}
	EndGlobalSection
EndGlobal
